
Microsoft Visual Studio Solution File, Format Version 12.00
# Visual Studio Version 17
VisualStudioVersion = 17.5.33627.172
MinimumVisualStudioVersion = 10.0.40219.1
Project("{9A19103F-16F7-4668-BE54-9A1E7A4F7556}") = "CW.Test", "CW.Test.csproj", "{B1730FBF-CFB4-458E-A458-FAE8DD4B4C5C}"
EndProject
Global
	GlobalSection(SolutionConfigurationPlatforms) = preSolution
		Debug|Any CPU = Debug|Any CPU
		Release|Any CPU = Release|Any CPU
	EndGlobalSection
	GlobalSection(ProjectConfigurationPlatforms) = postSolution
		{B1730FBF-CFB4-458E-A458-FAE8DD4B4C5C}.Debug|Any CPU.ActiveCfg = Debug|Any CPU
		{B1730FBF-CFB4-458E-A458-FAE8DD4B4C5C}.Debug|Any CPU.Build.0 = Debug|Any CPU
		{B1730FBF-CFB4-458E-A458-FAE8DD4B4C5C}.Release|Any CPU.ActiveCfg = Release|Any CPU
		{B1730FBF-CFB4-458E-A458-FAE8DD4B4C5C}.Release|Any CPU.Build.0 = Release|Any CPU
	EndGlobalSection
	GlobalSection(SolutionProperties) = preSolution
		HideSolutionNode = FALSE
	EndGlobalSection
	GlobalSection(ExtensibilityGlobals) = postSolution
		SolutionGuid = {8826385E-FF55-4667-B568-16325E028E4E}
	EndGlobalSection
EndGlobal
